// !$*UTF8*$!
{
	archiveVersion = 1;
	classes = {
	};
	objectVersion = 56;
	objects = {

/* Begin PBXBuildFile section */
		4914346629110A8F00CFECDF /* Alamofire in Frameworks */ = {isa = PBXBuildFile; productRef = 4914346529110A8F00CFECDF /* Alamofire */; };
		4915952B29125C8D008DF08F /* BackButton.swift in Sources */ = {isa = PBXBuildFile; fileRef = 4915952A29125C8D008DF08F /* BackButton.swift */; };
		493781862921FAC500750F08 /* KeychainHelper.swift in Sources */ = {isa = PBXBuildFile; fileRef = 493781852921FAC500750F08 /* KeychainHelper.swift */; };
		49378188292220F000750F08 /* Constant.swift in Sources */ = {isa = PBXBuildFile; fileRef = 49378187292220F000750F08 /* Constant.swift */; };
		4937818A29223F5E00750F08 /* ResponseToken.swift in Sources */ = {isa = PBXBuildFile; fileRef = 4937818929223F5E00750F08 /* ResponseToken.swift */; };
		4937818C29236DEB00750F08 /* NetworkError.swift in Sources */ = {isa = PBXBuildFile; fileRef = 4937818B29236DEB00750F08 /* NetworkError.swift */; };
		49378190292A404300750F08 /* ResponseBase.swift in Sources */ = {isa = PBXBuildFile; fileRef = 4937818F292A404300750F08 /* ResponseBase.swift */; };
		496A6C9C28FD3562009A1C01 /* ItemSalesModel.swift in Sources */ = {isa = PBXBuildFile; fileRef = 496A6C9B28FD3562009A1C01 /* ItemSalesModel.swift */; };
		496A6C9E28FD36ED009A1C01 /* TransactionModel.swift in Sources */ = {isa = PBXBuildFile; fileRef = 496A6C9D28FD36ED009A1C01 /* TransactionModel.swift */; };
		496A6CA028FD39BA009A1C01 /* CheckoutModel.swift in Sources */ = {isa = PBXBuildFile; fileRef = 496A6C9F28FD39BA009A1C01 /* CheckoutModel.swift */; };
		496A6CA328FE7382009A1C01 /* DocumentPickerView.swift in Sources */ = {isa = PBXBuildFile; fileRef = 496A6CA228FE7382009A1C01 /* DocumentPickerView.swift */; };
		496A6CA628FE73EA009A1C01 /* HomeViewModel.swift in Sources */ = {isa = PBXBuildFile; fileRef = 496A6CA528FE73EA009A1C01 /* HomeViewModel.swift */; };
		496A6CA928FE742E009A1C01 /* LocalHandler.swift in Sources */ = {isa = PBXBuildFile; fileRef = 496A6CA828FE742E009A1C01 /* LocalHandler.swift */; };
		496A6CAB28FE743D009A1C01 /* CloudHandler.swift in Sources */ = {isa = PBXBuildFile; fileRef = 496A6CAA28FE743D009A1C01 /* CloudHandler.swift */; };
		496A6CAD28FE7453009A1C01 /* CoreDataHandler.swift in Sources */ = {isa = PBXBuildFile; fileRef = 496A6CAC28FE7453009A1C01 /* CoreDataHandler.swift */; };
		4988EF742930A9BE00512AAE /* ResponseItemSales.swift in Sources */ = {isa = PBXBuildFile; fileRef = 4988EF732930A9BE00512AAE /* ResponseItemSales.swift */; };
		49AAA96E28F5467300EDC09D /* kacadataApp.swift in Sources */ = {isa = PBXBuildFile; fileRef = 49AAA96D28F5467300EDC09D /* kacadataApp.swift */; };
		49AAA97028F5467300EDC09D /* ContentViewTemp.swift in Sources */ = {isa = PBXBuildFile; fileRef = 49AAA96F28F5467300EDC09D /* ContentViewTemp.swift */; };
		49AAA97228F5467400EDC09D /* Assets.xcassets in Resources */ = {isa = PBXBuildFile; fileRef = 49AAA97128F5467400EDC09D /* Assets.xcassets */; };
		49AAA97528F5467400EDC09D /* Preview Assets.xcassets in Resources */ = {isa = PBXBuildFile; fileRef = 49AAA97428F5467400EDC09D /* Preview Assets.xcassets */; };
		49AAA97728F5467400EDC09D /* Persistence.swift in Sources */ = {isa = PBXBuildFile; fileRef = 49AAA97628F5467400EDC09D /* Persistence.swift */; };
		49AAA97A28F5467400EDC09D /* kacadata.xcdatamodeld in Sources */ = {isa = PBXBuildFile; fileRef = 49AAA97828F5467400EDC09D /* kacadata.xcdatamodeld */; };
		49CB34F028F549DC00C8F656 /* ResponseUser.swift in Sources */ = {isa = PBXBuildFile; fileRef = 49CB34EF28F549DC00C8F656 /* ResponseUser.swift */; };
		49CB34F228F54AB800C8F656 /* BusinessModel.swift in Sources */ = {isa = PBXBuildFile; fileRef = 49CB34F128F54AB800C8F656 /* BusinessModel.swift */; };
		49CB34F428F54B5200C8F656 /* OutletModel.swift in Sources */ = {isa = PBXBuildFile; fileRef = 49CB34F328F54B5200C8F656 /* OutletModel.swift */; };
		49FC4A7728FE8E18009A85BC /* UrlExtension.swift in Sources */ = {isa = PBXBuildFile; fileRef = 49FC4A7628FE8E18009A85BC /* UrlExtension.swift */; };
		49FC4A7928FEA336009A85BC /* OverviewModel.swift in Sources */ = {isa = PBXBuildFile; fileRef = 49FC4A7828FEA336009A85BC /* OverviewModel.swift */; };
		49FC4A7F28FFA6D6009A85BC /* ColorExtension.swift in Sources */ = {isa = PBXBuildFile; fileRef = 49FC4A7E28FFA6D6009A85BC /* ColorExtension.swift */; };
		49FC4A8128FFA70F009A85BC /* FontExtension.swift in Sources */ = {isa = PBXBuildFile; fileRef = 49FC4A8028FFA70F009A85BC /* FontExtension.swift */; };
		49FC4A8C2907C86A009A85BC /* SF-Pro-Rounded-Light.otf in Resources */ = {isa = PBXBuildFile; fileRef = 49FC4A832907C867009A85BC /* SF-Pro-Rounded-Light.otf */; };
		49FC4A8D2907C86A009A85BC /* SF-Pro-Rounded-Black.otf in Resources */ = {isa = PBXBuildFile; fileRef = 49FC4A842907C867009A85BC /* SF-Pro-Rounded-Black.otf */; };
		49FC4A8E2907C86A009A85BC /* SF-Pro-Rounded-Bold.otf in Resources */ = {isa = PBXBuildFile; fileRef = 49FC4A852907C868009A85BC /* SF-Pro-Rounded-Bold.otf */; };
		49FC4A8F2907C86A009A85BC /* SF-Pro-Rounded-Thin.otf in Resources */ = {isa = PBXBuildFile; fileRef = 49FC4A862907C869009A85BC /* SF-Pro-Rounded-Thin.otf */; };
		49FC4A902907C86A009A85BC /* SF-Pro-Rounded-Regular.otf in Resources */ = {isa = PBXBuildFile; fileRef = 49FC4A872907C869009A85BC /* SF-Pro-Rounded-Regular.otf */; };
		49FC4A912907C86A009A85BC /* SF-Pro-Rounded-Medium.otf in Resources */ = {isa = PBXBuildFile; fileRef = 49FC4A882907C869009A85BC /* SF-Pro-Rounded-Medium.otf */; };
		49FC4A922907C86A009A85BC /* SF-Pro-Rounded-Ultralight.otf in Resources */ = {isa = PBXBuildFile; fileRef = 49FC4A892907C86A009A85BC /* SF-Pro-Rounded-Ultralight.otf */; };
		49FC4A932907C86A009A85BC /* SF-Pro-Rounded-Heavy.otf in Resources */ = {isa = PBXBuildFile; fileRef = 49FC4A8A2907C86A009A85BC /* SF-Pro-Rounded-Heavy.otf */; };
		49FC4A942907C86A009A85BC /* SF-Pro-Rounded-Semibold.otf in Resources */ = {isa = PBXBuildFile; fileRef = 49FC4A8B2907C86A009A85BC /* SF-Pro-Rounded-Semibold.otf */; };
		49FC4A9729091256009A85BC /* HelpSyncView.swift in Sources */ = {isa = PBXBuildFile; fileRef = 49FC4A9629091256009A85BC /* HelpSyncView.swift */; };
		49FC4A99290A4362009A85BC /* StringExtension.swift in Sources */ = {isa = PBXBuildFile; fileRef = 49FC4A98290A4362009A85BC /* StringExtension.swift */; };
		581B86A52902812C00B58DBE /* ConnectMokaView.swift in Sources */ = {isa = PBXBuildFile; fileRef = 581B86A42902812C00B58DBE /* ConnectMokaView.swift */; };
		581B86A72902814400B58DBE /* AllowSyncTemp.swift in Sources */ = {isa = PBXBuildFile; fileRef = 581B86A62902814400B58DBE /* AllowSyncTemp.swift */; };
		581B86A92902815E00B58DBE /* DummyDashboardTemp.swift in Sources */ = {isa = PBXBuildFile; fileRef = 581B86A82902815E00B58DBE /* DummyDashboardTemp.swift */; };
		581B86AB2902816C00B58DBE /* BundleSelection2.swift in Sources */ = {isa = PBXBuildFile; fileRef = 581B86AA2902816C00B58DBE /* BundleSelection2.swift */; };
		582101EF2915860400A119F3 /* OutletViewModel.swift in Sources */ = {isa = PBXBuildFile; fileRef = 582101EE2915860400A119F3 /* OutletViewModel.swift */; };
		582101F12915860E00A119F3 /* DashboardViewModel.swift in Sources */ = {isa = PBXBuildFile; fileRef = 582101F02915860E00A119F3 /* DashboardViewModel.swift */; };
		582101F3291586B000A119F3 /* WelcomeView.swift in Sources */ = {isa = PBXBuildFile; fileRef = 582101F2291586B000A119F3 /* WelcomeView.swift */; };
		582101F5291586C300A119F3 /* OutletView.swift in Sources */ = {isa = PBXBuildFile; fileRef = 582101F4291586C300A119F3 /* OutletView.swift */; };
		582101F7291586D400A119F3 /* ProfileView.swift in Sources */ = {isa = PBXBuildFile; fileRef = 582101F6291586D400A119F3 /* ProfileView.swift */; };
		582101F9291586E700A119F3 /* ListOutletView.swift in Sources */ = {isa = PBXBuildFile; fileRef = 582101F8291586E700A119F3 /* ListOutletView.swift */; };
		582101FB291586F600A119F3 /* AddNewOutletView.swift in Sources */ = {isa = PBXBuildFile; fileRef = 582101FA291586F600A119F3 /* AddNewOutletView.swift */; };
		582101FD2915870000A119F3 /* EditOutletView.swift in Sources */ = {isa = PBXBuildFile; fileRef = 582101FC2915870000A119F3 /* EditOutletView.swift */; };
		582101FF2915870F00A119F3 /* ModalDeleteOutletView.swift in Sources */ = {isa = PBXBuildFile; fileRef = 582101FE2915870F00A119F3 /* ModalDeleteOutletView.swift */; };
		582102012915871C00A119F3 /* AddNewDashboardView.swift in Sources */ = {isa = PBXBuildFile; fileRef = 582102002915871C00A119F3 /* AddNewDashboardView.swift */; };
		582102032915872C00A119F3 /* EditDashboardView.swift in Sources */ = {isa = PBXBuildFile; fileRef = 582102022915872C00A119F3 /* EditDashboardView.swift */; };
		582102052915873D00A119F3 /* ModalDeleteDashboardView.swift in Sources */ = {isa = PBXBuildFile; fileRef = 582102042915873D00A119F3 /* ModalDeleteDashboardView.swift */; };
		582102072915F81C00A119F3 /* ContentView2.swift in Sources */ = {isa = PBXBuildFile; fileRef = 582102062915F81C00A119F3 /* ContentView2.swift */; };
		75017975290F2AE800A01BAF /* Service.swift in Sources */ = {isa = PBXBuildFile; fileRef = 75017974290F2AE800A01BAF /* Service.swift */; };
		F64AA2122907969900BD4D97 /* DashboardComparison.swift in Sources */ = {isa = PBXBuildFile; fileRef = F64AA2112907969900BD4D97 /* DashboardComparison.swift */; };
		F653495928FE9E6600C1E9DD /* SyncDataView.swift in Sources */ = {isa = PBXBuildFile; fileRef = F653495828FE9E6600C1E9DD /* SyncDataView.swift */; };
		F66665B228FFDEAB0083E6B8 /* DashboardOverview.swift in Sources */ = {isa = PBXBuildFile; fileRef = F66665B128FFDEAB0083E6B8 /* DashboardOverview.swift */; };
		F66665B429012A340083E6B8 /* SiteView.swift in Sources */ = {isa = PBXBuildFile; fileRef = F66665B329012A340083E6B8 /* SiteView.swift */; };
		F66E42C12907D028007D5935 /* ComparisonDetail.swift in Sources */ = {isa = PBXBuildFile; fileRef = F66E42C02907D028007D5935 /* ComparisonDetail.swift */; };
/* End PBXBuildFile section */

/* Begin PBXFileReference section */
		4915952A29125C8D008DF08F /* BackButton.swift */ = {isa = PBXFileReference; lastKnownFileType = sourcecode.swift; path = BackButton.swift; sourceTree = "<group>"; };
		493781852921FAC500750F08 /* KeychainHelper.swift */ = {isa = PBXFileReference; lastKnownFileType = sourcecode.swift; path = KeychainHelper.swift; sourceTree = "<group>"; };
		49378187292220F000750F08 /* Constant.swift */ = {isa = PBXFileReference; lastKnownFileType = sourcecode.swift; path = Constant.swift; sourceTree = "<group>"; };
		4937818929223F5E00750F08 /* ResponseToken.swift */ = {isa = PBXFileReference; lastKnownFileType = sourcecode.swift; path = ResponseToken.swift; sourceTree = "<group>"; };
		4937818B29236DEB00750F08 /* NetworkError.swift */ = {isa = PBXFileReference; lastKnownFileType = sourcecode.swift; path = NetworkError.swift; sourceTree = "<group>"; };
		4937818F292A404300750F08 /* ResponseBase.swift */ = {isa = PBXFileReference; lastKnownFileType = sourcecode.swift; path = ResponseBase.swift; sourceTree = "<group>"; };
		496A6C9B28FD3562009A1C01 /* ItemSalesModel.swift */ = {isa = PBXFileReference; lastKnownFileType = sourcecode.swift; path = ItemSalesModel.swift; sourceTree = "<group>"; };
		496A6C9D28FD36ED009A1C01 /* TransactionModel.swift */ = {isa = PBXFileReference; lastKnownFileType = sourcecode.swift; path = TransactionModel.swift; sourceTree = "<group>"; };
		496A6C9F28FD39BA009A1C01 /* CheckoutModel.swift */ = {isa = PBXFileReference; lastKnownFileType = sourcecode.swift; path = CheckoutModel.swift; sourceTree = "<group>"; };
		496A6CA228FE7382009A1C01 /* DocumentPickerView.swift */ = {isa = PBXFileReference; lastKnownFileType = sourcecode.swift; path = DocumentPickerView.swift; sourceTree = "<group>"; };
		496A6CA528FE73EA009A1C01 /* HomeViewModel.swift */ = {isa = PBXFileReference; lastKnownFileType = sourcecode.swift; path = HomeViewModel.swift; sourceTree = "<group>"; };
		496A6CA828FE742E009A1C01 /* LocalHandler.swift */ = {isa = PBXFileReference; lastKnownFileType = sourcecode.swift; path = LocalHandler.swift; sourceTree = "<group>"; };
		496A6CAA28FE743D009A1C01 /* CloudHandler.swift */ = {isa = PBXFileReference; lastKnownFileType = sourcecode.swift; path = CloudHandler.swift; sourceTree = "<group>"; };
		496A6CAC28FE7453009A1C01 /* CoreDataHandler.swift */ = {isa = PBXFileReference; lastKnownFileType = sourcecode.swift; path = CoreDataHandler.swift; sourceTree = "<group>"; };
		4988EF732930A9BE00512AAE /* ResponseItemSales.swift */ = {isa = PBXFileReference; lastKnownFileType = sourcecode.swift; path = ResponseItemSales.swift; sourceTree = "<group>"; };
		49AAA96A28F5467300EDC09D /* kacadata.app */ = {isa = PBXFileReference; explicitFileType = wrapper.application; includeInIndex = 0; path = kacadata.app; sourceTree = BUILT_PRODUCTS_DIR; };
		49AAA96D28F5467300EDC09D /* kacadataApp.swift */ = {isa = PBXFileReference; lastKnownFileType = sourcecode.swift; path = kacadataApp.swift; sourceTree = "<group>"; };
		49AAA96F28F5467300EDC09D /* ContentViewTemp.swift */ = {isa = PBXFileReference; lastKnownFileType = sourcecode.swift; path = ContentViewTemp.swift; sourceTree = "<group>"; };
		49AAA97128F5467400EDC09D /* Assets.xcassets */ = {isa = PBXFileReference; lastKnownFileType = folder.assetcatalog; path = Assets.xcassets; sourceTree = "<group>"; };
		49AAA97428F5467400EDC09D /* Preview Assets.xcassets */ = {isa = PBXFileReference; lastKnownFileType = folder.assetcatalog; path = "Preview Assets.xcassets"; sourceTree = "<group>"; };
		49AAA97628F5467400EDC09D /* Persistence.swift */ = {isa = PBXFileReference; lastKnownFileType = sourcecode.swift; path = Persistence.swift; sourceTree = "<group>"; };
		49AAA97928F5467400EDC09D /* kacadata.xcdatamodel */ = {isa = PBXFileReference; lastKnownFileType = wrapper.xcdatamodel; path = kacadata.xcdatamodel; sourceTree = "<group>"; };
		49CB34EF28F549DC00C8F656 /* ResponseUser.swift */ = {isa = PBXFileReference; lastKnownFileType = sourcecode.swift; path = ResponseUser.swift; sourceTree = "<group>"; };
		49CB34F128F54AB800C8F656 /* BusinessModel.swift */ = {isa = PBXFileReference; lastKnownFileType = sourcecode.swift; path = BusinessModel.swift; sourceTree = "<group>"; };
		49CB34F328F54B5200C8F656 /* OutletModel.swift */ = {isa = PBXFileReference; lastKnownFileType = sourcecode.swift; path = OutletModel.swift; sourceTree = "<group>"; };
		49FC4A7628FE8E18009A85BC /* UrlExtension.swift */ = {isa = PBXFileReference; lastKnownFileType = sourcecode.swift; path = UrlExtension.swift; sourceTree = "<group>"; };
		49FC4A7828FEA336009A85BC /* OverviewModel.swift */ = {isa = PBXFileReference; lastKnownFileType = sourcecode.swift; path = OverviewModel.swift; sourceTree = "<group>"; };
		49FC4A7E28FFA6D6009A85BC /* ColorExtension.swift */ = {isa = PBXFileReference; lastKnownFileType = sourcecode.swift; path = ColorExtension.swift; sourceTree = "<group>"; };
		49FC4A8028FFA70F009A85BC /* FontExtension.swift */ = {isa = PBXFileReference; lastKnownFileType = sourcecode.swift; path = FontExtension.swift; sourceTree = "<group>"; };
		49FC4A832907C867009A85BC /* SF-Pro-Rounded-Light.otf */ = {isa = PBXFileReference; lastKnownFileType = file; path = "SF-Pro-Rounded-Light.otf"; sourceTree = "<group>"; };
		49FC4A842907C867009A85BC /* SF-Pro-Rounded-Black.otf */ = {isa = PBXFileReference; lastKnownFileType = file; path = "SF-Pro-Rounded-Black.otf"; sourceTree = "<group>"; };
		49FC4A852907C868009A85BC /* SF-Pro-Rounded-Bold.otf */ = {isa = PBXFileReference; lastKnownFileType = file; path = "SF-Pro-Rounded-Bold.otf"; sourceTree = "<group>"; };
		49FC4A862907C869009A85BC /* SF-Pro-Rounded-Thin.otf */ = {isa = PBXFileReference; lastKnownFileType = file; path = "SF-Pro-Rounded-Thin.otf"; sourceTree = "<group>"; };
		49FC4A872907C869009A85BC /* SF-Pro-Rounded-Regular.otf */ = {isa = PBXFileReference; lastKnownFileType = file; path = "SF-Pro-Rounded-Regular.otf"; sourceTree = "<group>"; };
		49FC4A882907C869009A85BC /* SF-Pro-Rounded-Medium.otf */ = {isa = PBXFileReference; lastKnownFileType = file; path = "SF-Pro-Rounded-Medium.otf"; sourceTree = "<group>"; };
		49FC4A892907C86A009A85BC /* SF-Pro-Rounded-Ultralight.otf */ = {isa = PBXFileReference; lastKnownFileType = file; path = "SF-Pro-Rounded-Ultralight.otf"; sourceTree = "<group>"; };
		49FC4A8A2907C86A009A85BC /* SF-Pro-Rounded-Heavy.otf */ = {isa = PBXFileReference; lastKnownFileType = file; path = "SF-Pro-Rounded-Heavy.otf"; sourceTree = "<group>"; };
		49FC4A8B2907C86A009A85BC /* SF-Pro-Rounded-Semibold.otf */ = {isa = PBXFileReference; lastKnownFileType = file; path = "SF-Pro-Rounded-Semibold.otf"; sourceTree = "<group>"; };
		49FC4A952907C98C009A85BC /* Info.plist */ = {isa = PBXFileReference; lastKnownFileType = text.plist; path = Info.plist; sourceTree = "<group>"; };
		49FC4A9629091256009A85BC /* HelpSyncView.swift */ = {isa = PBXFileReference; lastKnownFileType = sourcecode.swift; path = HelpSyncView.swift; sourceTree = "<group>"; };
		49FC4A98290A4362009A85BC /* StringExtension.swift */ = {isa = PBXFileReference; lastKnownFileType = sourcecode.swift; path = StringExtension.swift; sourceTree = "<group>"; };
		581B86A42902812C00B58DBE /* ConnectMokaView.swift */ = {isa = PBXFileReference; lastKnownFileType = sourcecode.swift; path = ConnectMokaView.swift; sourceTree = "<group>"; };
		581B86A62902814400B58DBE /* AllowSyncTemp.swift */ = {isa = PBXFileReference; lastKnownFileType = sourcecode.swift; path = AllowSyncTemp.swift; sourceTree = "<group>"; };
		581B86A82902815E00B58DBE /* DummyDashboardTemp.swift */ = {isa = PBXFileReference; lastKnownFileType = sourcecode.swift; path = DummyDashboardTemp.swift; sourceTree = "<group>"; };
		581B86AA2902816C00B58DBE /* BundleSelection2.swift */ = {isa = PBXFileReference; lastKnownFileType = sourcecode.swift; path = BundleSelection2.swift; sourceTree = "<group>"; };
		582101EE2915860400A119F3 /* OutletViewModel.swift */ = {isa = PBXFileReference; lastKnownFileType = sourcecode.swift; path = OutletViewModel.swift; sourceTree = "<group>"; };
		582101F02915860E00A119F3 /* DashboardViewModel.swift */ = {isa = PBXFileReference; lastKnownFileType = sourcecode.swift; path = DashboardViewModel.swift; sourceTree = "<group>"; };
		582101F2291586B000A119F3 /* WelcomeView.swift */ = {isa = PBXFileReference; lastKnownFileType = sourcecode.swift; path = WelcomeView.swift; sourceTree = "<group>"; };
		582101F4291586C300A119F3 /* OutletView.swift */ = {isa = PBXFileReference; lastKnownFileType = sourcecode.swift; path = OutletView.swift; sourceTree = "<group>"; };
		582101F6291586D400A119F3 /* ProfileView.swift */ = {isa = PBXFileReference; lastKnownFileType = sourcecode.swift; path = ProfileView.swift; sourceTree = "<group>"; };
		582101F8291586E700A119F3 /* ListOutletView.swift */ = {isa = PBXFileReference; lastKnownFileType = sourcecode.swift; path = ListOutletView.swift; sourceTree = "<group>"; };
		582101FA291586F600A119F3 /* AddNewOutletView.swift */ = {isa = PBXFileReference; lastKnownFileType = sourcecode.swift; path = AddNewOutletView.swift; sourceTree = "<group>"; };
		582101FC2915870000A119F3 /* EditOutletView.swift */ = {isa = PBXFileReference; lastKnownFileType = sourcecode.swift; path = EditOutletView.swift; sourceTree = "<group>"; };
		582101FE2915870F00A119F3 /* ModalDeleteOutletView.swift */ = {isa = PBXFileReference; lastKnownFileType = sourcecode.swift; path = ModalDeleteOutletView.swift; sourceTree = "<group>"; };
		582102002915871C00A119F3 /* AddNewDashboardView.swift */ = {isa = PBXFileReference; lastKnownFileType = sourcecode.swift; path = AddNewDashboardView.swift; sourceTree = "<group>"; };
		582102022915872C00A119F3 /* EditDashboardView.swift */ = {isa = PBXFileReference; lastKnownFileType = sourcecode.swift; path = EditDashboardView.swift; sourceTree = "<group>"; };
		582102042915873D00A119F3 /* ModalDeleteDashboardView.swift */ = {isa = PBXFileReference; lastKnownFileType = sourcecode.swift; path = ModalDeleteDashboardView.swift; sourceTree = "<group>"; };
		582102062915F81C00A119F3 /* ContentView2.swift */ = {isa = PBXFileReference; lastKnownFileType = sourcecode.swift; path = ContentView2.swift; sourceTree = "<group>"; };
		75017974290F2AE800A01BAF /* Service.swift */ = {isa = PBXFileReference; lastKnownFileType = sourcecode.swift; path = Service.swift; sourceTree = "<group>"; };
		F64AA2112907969900BD4D97 /* DashboardComparison.swift */ = {isa = PBXFileReference; lastKnownFileType = sourcecode.swift; path = DashboardComparison.swift; sourceTree = "<group>"; };
		F653495828FE9E6600C1E9DD /* SyncDataView.swift */ = {isa = PBXFileReference; lastKnownFileType = sourcecode.swift; path = SyncDataView.swift; sourceTree = "<group>"; };
		F66665B128FFDEAB0083E6B8 /* DashboardOverview.swift */ = {isa = PBXFileReference; lastKnownFileType = sourcecode.swift; path = DashboardOverview.swift; sourceTree = "<group>"; };
		F66665B329012A340083E6B8 /* SiteView.swift */ = {isa = PBXFileReference; lastKnownFileType = sourcecode.swift; path = SiteView.swift; sourceTree = "<group>"; };
		F66E42C02907D028007D5935 /* ComparisonDetail.swift */ = {isa = PBXFileReference; lastKnownFileType = sourcecode.swift; path = ComparisonDetail.swift; sourceTree = "<group>"; };
/* End PBXFileReference section */

/* Begin PBXFrameworksBuildPhase section */
		49AAA96728F5467300EDC09D /* Frameworks */ = {
			isa = PBXFrameworksBuildPhase;
			buildActionMask = 2147483647;
			files = (
				4914346629110A8F00CFECDF /* Alamofire in Frameworks */,
			);
			runOnlyForDeploymentPostprocessing = 0;
		};
/* End PBXFrameworksBuildPhase section */

/* Begin PBXGroup section */
		4915952929125C76008DF08F /* Component */ = {
			isa = PBXGroup;
			children = (
				4915952A29125C8D008DF08F /* BackButton.swift */,
			);
			path = Component;
			sourceTree = "<group>";
		};
		496A6CA128FE705B009A1C01 /* Views */ = {
			isa = PBXGroup;
			children = (
				F66665B329012A340083E6B8 /* SiteView.swift */,
				F653495828FE9E6600C1E9DD /* SyncDataView.swift */,
				F66665B128FFDEAB0083E6B8 /* DashboardOverview.swift */,
				F64AA2112907969900BD4D97 /* DashboardComparison.swift */,
				F66E42C02907D028007D5935 /* ComparisonDetail.swift */,
				581B86A42902812C00B58DBE /* ConnectMokaView.swift */,
				581B86A62902814400B58DBE /* AllowSyncTemp.swift */,
				581B86A82902815E00B58DBE /* DummyDashboardTemp.swift */,
				581B86AA2902816C00B58DBE /* BundleSelection2.swift */,
				49AAA96F28F5467300EDC09D /* ContentViewTemp.swift */,
				496A6CA228FE7382009A1C01 /* DocumentPickerView.swift */,
				49FC4A9629091256009A85BC /* HelpSyncView.swift */,
				582101F2291586B000A119F3 /* WelcomeView.swift */,
				582101F4291586C300A119F3 /* OutletView.swift */,
				582101F6291586D400A119F3 /* ProfileView.swift */,
				582101F8291586E700A119F3 /* ListOutletView.swift */,
				582101FA291586F600A119F3 /* AddNewOutletView.swift */,
				582101FC2915870000A119F3 /* EditOutletView.swift */,
				582101FE2915870F00A119F3 /* ModalDeleteOutletView.swift */,
				582102002915871C00A119F3 /* AddNewDashboardView.swift */,
				582102022915872C00A119F3 /* EditDashboardView.swift */,
				582102042915873D00A119F3 /* ModalDeleteDashboardView.swift */,
				582102062915F81C00A119F3 /* ContentView2.swift */,
			);
			path = Views;
			sourceTree = "<group>";
		};
		496A6CA428FE73D2009A1C01 /* ViewModels */ = {
			isa = PBXGroup;
			children = (
				496A6CA528FE73EA009A1C01 /* HomeViewModel.swift */,
				582101EE2915860400A119F3 /* OutletViewModel.swift */,
				582101F02915860E00A119F3 /* DashboardViewModel.swift */,
			);
			path = ViewModels;
			sourceTree = "<group>";
		};
		496A6CA728FE7401009A1C01 /* Handlers */ = {
			isa = PBXGroup;
			children = (
				496A6CA828FE742E009A1C01 /* LocalHandler.swift */,
				496A6CAA28FE743D009A1C01 /* CloudHandler.swift */,
				496A6CAC28FE7453009A1C01 /* CoreDataHandler.swift */,
			);
			path = Handlers;
			sourceTree = "<group>";
		};
		49AAA96128F5467300EDC09D = {
			isa = PBXGroup;
			children = (
				49AAA96C28F5467300EDC09D /* kacadata */,
				49AAA96B28F5467300EDC09D /* Products */,
			);
			sourceTree = "<group>";
		};
		49AAA96B28F5467300EDC09D /* Products */ = {
			isa = PBXGroup;
			children = (
				49AAA96A28F5467300EDC09D /* kacadata.app */,
			);
			name = Products;
			sourceTree = "<group>";
		};
		49AAA96C28F5467300EDC09D /* kacadata */ = {
			isa = PBXGroup;
			children = (
				4915952929125C76008DF08F /* Component */,
				49FC4A952907C98C009A85BC /* Info.plist */,
				49FC4A822907C81D009A85BC /* Fonts */,
				7546E8FF290B4AF6009B48F7 /* Networking */,
				49FC4A7528FE8E0C009A85BC /* Extensions */,
				496A6CA428FE73D2009A1C01 /* ViewModels */,
				496A6CA128FE705B009A1C01 /* Views */,
				49CB34EE28F5499400C8F656 /* Model */,
				496A6CA728FE7401009A1C01 /* Handlers */,
				49AAA96D28F5467300EDC09D /* kacadataApp.swift */,
				49AAA97128F5467400EDC09D /* Assets.xcassets */,
				49AAA97628F5467400EDC09D /* Persistence.swift */,
				49AAA97828F5467400EDC09D /* kacadata.xcdatamodeld */,
				49AAA97328F5467400EDC09D /* Preview Content */,
				49378187292220F000750F08 /* Constant.swift */,
			);
			path = kacadata;
			sourceTree = "<group>";
		};
		49AAA97328F5467400EDC09D /* Preview Content */ = {
			isa = PBXGroup;
			children = (
				49AAA97428F5467400EDC09D /* Preview Assets.xcassets */,
			);
			path = "Preview Content";
			sourceTree = "<group>";
		};
		49CB34EE28F5499400C8F656 /* Model */ = {
			isa = PBXGroup;
			children = (
				49CB34F128F54AB800C8F656 /* BusinessModel.swift */,
				49CB34F328F54B5200C8F656 /* OutletModel.swift */,
				496A6C9B28FD3562009A1C01 /* ItemSalesModel.swift */,
				496A6C9D28FD36ED009A1C01 /* TransactionModel.swift */,
				496A6C9F28FD39BA009A1C01 /* CheckoutModel.swift */,
				49FC4A7828FEA336009A85BC /* OverviewModel.swift */,
				4937818929223F5E00750F08 /* ResponseToken.swift */,
				49CB34EF28F549DC00C8F656 /* ResponseUser.swift */,
				4937818F292A404300750F08 /* ResponseBase.swift */,
				4988EF732930A9BE00512AAE /* ResponseItemSales.swift */,
			);
			path = Model;
			sourceTree = "<group>";
		};
		49FC4A7528FE8E0C009A85BC /* Extensions */ = {
			isa = PBXGroup;
			children = (
				49FC4A7628FE8E18009A85BC /* UrlExtension.swift */,
				49FC4A7E28FFA6D6009A85BC /* ColorExtension.swift */,
				49FC4A8028FFA70F009A85BC /* FontExtension.swift */,
				49FC4A98290A4362009A85BC /* StringExtension.swift */,
			);
			path = Extensions;
			sourceTree = "<group>";
		};
		49FC4A822907C81D009A85BC /* Fonts */ = {
			isa = PBXGroup;
			children = (
				49FC4A842907C867009A85BC /* SF-Pro-Rounded-Black.otf */,
				49FC4A852907C868009A85BC /* SF-Pro-Rounded-Bold.otf */,
				49FC4A8A2907C86A009A85BC /* SF-Pro-Rounded-Heavy.otf */,
				49FC4A832907C867009A85BC /* SF-Pro-Rounded-Light.otf */,
				49FC4A882907C869009A85BC /* SF-Pro-Rounded-Medium.otf */,
				49FC4A872907C869009A85BC /* SF-Pro-Rounded-Regular.otf */,
				49FC4A8B2907C86A009A85BC /* SF-Pro-Rounded-Semibold.otf */,
				49FC4A862907C869009A85BC /* SF-Pro-Rounded-Thin.otf */,
				49FC4A892907C86A009A85BC /* SF-Pro-Rounded-Ultralight.otf */,
			);
			path = Fonts;
			sourceTree = "<group>";
		};
		7546E8FF290B4AF6009B48F7 /* Networking */ = {
			isa = PBXGroup;
			children = (
				75017974290F2AE800A01BAF /* Service.swift */,
				493781852921FAC500750F08 /* KeychainHelper.swift */,
				4937818B29236DEB00750F08 /* NetworkError.swift */,
			);
			path = Networking;
			sourceTree = "<group>";
		};
/* End PBXGroup section */

/* Begin PBXNativeTarget section */
		49AAA96928F5467300EDC09D /* kacadata */ = {
			isa = PBXNativeTarget;
			buildConfigurationList = 49AAA97D28F5467400EDC09D /* Build configuration list for PBXNativeTarget "kacadata" */;
			buildPhases = (
				49AAA96628F5467300EDC09D /* Sources */,
				49AAA96728F5467300EDC09D /* Frameworks */,
				49AAA96828F5467300EDC09D /* Resources */,
			);
			buildRules = (
			);
			dependencies = (
			);
			name = kacadata;
			packageProductDependencies = (
				4914346529110A8F00CFECDF /* Alamofire */,
			);
			productName = kacadata;
			productReference = 49AAA96A28F5467300EDC09D /* kacadata.app */;
			productType = "com.apple.product-type.application";
		};
/* End PBXNativeTarget section */

/* Begin PBXProject section */
		49AAA96228F5467300EDC09D /* Project object */ = {
			isa = PBXProject;
			attributes = {
				BuildIndependentTargetsInParallel = 1;
				LastSwiftUpdateCheck = 1400;
				LastUpgradeCheck = 1400;
				TargetAttributes = {
					49AAA96928F5467300EDC09D = {
						CreatedOnToolsVersion = 14.0.1;
					};
				};
			};
			buildConfigurationList = 49AAA96528F5467300EDC09D /* Build configuration list for PBXProject "kacadata" */;
			compatibilityVersion = "Xcode 14.0";
			developmentRegion = en;
			hasScannedForEncodings = 0;
			knownRegions = (
				en,
				Base,
			);
			mainGroup = 49AAA96128F5467300EDC09D;
			packageReferences = (
				4914346429110A8E00CFECDF /* XCRemoteSwiftPackageReference "Alamofire" */,
			);
			productRefGroup = 49AAA96B28F5467300EDC09D /* Products */;
			projectDirPath = "";
			projectRoot = "";
			targets = (
				49AAA96928F5467300EDC09D /* kacadata */,
			);
		};
/* End PBXProject section */

/* Begin PBXResourcesBuildPhase section */
		49AAA96828F5467300EDC09D /* Resources */ = {
			isa = PBXResourcesBuildPhase;
			buildActionMask = 2147483647;
			files = (
				49FC4A922907C86A009A85BC /* SF-Pro-Rounded-Ultralight.otf in Resources */,
				49AAA97528F5467400EDC09D /* Preview Assets.xcassets in Resources */,
				49FC4A942907C86A009A85BC /* SF-Pro-Rounded-Semibold.otf in Resources */,
				49FC4A902907C86A009A85BC /* SF-Pro-Rounded-Regular.otf in Resources */,
				49FC4A8C2907C86A009A85BC /* SF-Pro-Rounded-Light.otf in Resources */,
				49FC4A912907C86A009A85BC /* SF-Pro-Rounded-Medium.otf in Resources */,
				49FC4A8D2907C86A009A85BC /* SF-Pro-Rounded-Black.otf in Resources */,
				49FC4A932907C86A009A85BC /* SF-Pro-Rounded-Heavy.otf in Resources */,
				49FC4A8F2907C86A009A85BC /* SF-Pro-Rounded-Thin.otf in Resources */,
				49AAA97228F5467400EDC09D /* Assets.xcassets in Resources */,
				49FC4A8E2907C86A009A85BC /* SF-Pro-Rounded-Bold.otf in Resources */,
			);
			runOnlyForDeploymentPostprocessing = 0;
		};
/* End PBXResourcesBuildPhase section */

/* Begin PBXSourcesBuildPhase section */
		49AAA96628F5467300EDC09D /* Sources */ = {
			isa = PBXSourcesBuildPhase;
			buildActionMask = 2147483647;
			files = (
				4937818C29236DEB00750F08 /* NetworkError.swift in Sources */,
				581B86A92902815E00B58DBE /* DummyDashboardTemp.swift in Sources */,
				581B86A52902812C00B58DBE /* ConnectMokaView.swift in Sources */,
				582101F5291586C300A119F3 /* OutletView.swift in Sources */,
				581B86A92902815E00B58DBE /* DummyDashboardTemp.swift in Sources */,
				581B86A52902812C00B58DBE /* ConnectMokaView.swift in Sources */,
				49FC4A99290A4362009A85BC /* StringExtension.swift in Sources */,
				49CB34F428F54B5200C8F656 /* OutletModel.swift in Sources */,
				582101FB291586F600A119F3 /* AddNewOutletView.swift in Sources */,
				582101EF2915860400A119F3 /* OutletViewModel.swift in Sources */,
				496A6CAD28FE7453009A1C01 /* CoreDataHandler.swift in Sources */,
				496A6CA328FE7382009A1C01 /* DocumentPickerView.swift in Sources */,
				496A6C9C28FD3562009A1C01 /* ItemSalesModel.swift in Sources */,
				4937818A29223F5E00750F08 /* ResponseToken.swift in Sources */,
				49AAA97728F5467400EDC09D /* Persistence.swift in Sources */,
				F64AA2122907969900BD4D97 /* DashboardComparison.swift in Sources */,
				F66665B228FFDEAB0083E6B8 /* DashboardOverview.swift in Sources */,
				582101FF2915870F00A119F3 /* ModalDeleteOutletView.swift in Sources */,
				F66665B429012A340083E6B8 /* SiteView.swift in Sources */,
				4988EF742930A9BE00512AAE /* ResponseItemSales.swift in Sources */,
				49AAA97028F5467300EDC09D /* ContentViewTemp.swift in Sources */,
				49AAA96E28F5467300EDC09D /* kacadataApp.swift in Sources */,
				582101F12915860E00A119F3 /* DashboardViewModel.swift in Sources */,
				581B86AB2902816C00B58DBE /* BundleSelection2.swift in Sources */,
				581B86A72902814400B58DBE /* AllowSyncTemp.swift in Sources */,
				582102012915871C00A119F3 /* AddNewDashboardView.swift in Sources */,
				75017975290F2AE800A01BAF /* Service.swift in Sources */,
				49FC4A7728FE8E18009A85BC /* UrlExtension.swift in Sources */,
				49CB34F228F54AB800C8F656 /* BusinessModel.swift in Sources */,
				582101F3291586B000A119F3 /* WelcomeView.swift in Sources */,
				49FC4A8128FFA70F009A85BC /* FontExtension.swift in Sources */,
				49378188292220F000750F08 /* Constant.swift in Sources */,
				582101F9291586E700A119F3 /* ListOutletView.swift in Sources */,
				496A6CA628FE73EA009A1C01 /* HomeViewModel.swift in Sources */,
				582102032915872C00A119F3 /* EditDashboardView.swift in Sources */,
				582101FD2915870000A119F3 /* EditOutletView.swift in Sources */,
				49378190292A404300750F08 /* ResponseBase.swift in Sources */,
				49FC4A7928FEA336009A85BC /* OverviewModel.swift in Sources */,
				496A6CAB28FE743D009A1C01 /* CloudHandler.swift in Sources */,
				49CB34F028F549DC00C8F656 /* ResponseUser.swift in Sources */,
				582101F7291586D400A119F3 /* ProfileView.swift in Sources */,
				496A6CA928FE742E009A1C01 /* LocalHandler.swift in Sources */,
				4915952B29125C8D008DF08F /* BackButton.swift in Sources */,
				496A6CA028FD39BA009A1C01 /* CheckoutModel.swift in Sources */,
				49AAA97A28F5467400EDC09D /* kacadata.xcdatamodeld in Sources */,
				496A6C9E28FD36ED009A1C01 /* TransactionModel.swift in Sources */,
				49FC4A7F28FFA6D6009A85BC /* ColorExtension.swift in Sources */,
				582102052915873D00A119F3 /* ModalDeleteDashboardView.swift in Sources */,
				493781862921FAC500750F08 /* KeychainHelper.swift in Sources */,
				582102072915F81C00A119F3 /* ContentView2.swift in Sources */,
				F653495928FE9E6600C1E9DD /* SyncDataView.swift in Sources */,
				F66E42C12907D028007D5935 /* ComparisonDetail.swift in Sources */,
				49FC4A9729091256009A85BC /* HelpSyncView.swift in Sources */,
			);
			runOnlyForDeploymentPostprocessing = 0;
		};
/* End PBXSourcesBuildPhase section */

/* Begin XCBuildConfiguration section */
		49AAA97B28F5467400EDC09D /* Debug */ = {
			isa = XCBuildConfiguration;
			buildSettings = {
				ALWAYS_SEARCH_USER_PATHS = NO;
				CLANG_ANALYZER_NONNULL = YES;
				CLANG_ANALYZER_NUMBER_OBJECT_CONVERSION = YES_AGGRESSIVE;
				CLANG_CXX_LANGUAGE_STANDARD = "gnu++20";
				CLANG_ENABLE_MODULES = YES;
				CLANG_ENABLE_OBJC_ARC = YES;
				CLANG_ENABLE_OBJC_WEAK = YES;
				CLANG_WARN_BLOCK_CAPTURE_AUTORELEASING = YES;
				CLANG_WARN_BOOL_CONVERSION = YES;
				CLANG_WARN_COMMA = YES;
				CLANG_WARN_CONSTANT_CONVERSION = YES;
				CLANG_WARN_DEPRECATED_OBJC_IMPLEMENTATIONS = YES;
				CLANG_WARN_DIRECT_OBJC_ISA_USAGE = YES_ERROR;
				CLANG_WARN_DOCUMENTATION_COMMENTS = YES;
				CLANG_WARN_EMPTY_BODY = YES;
				CLANG_WARN_ENUM_CONVERSION = YES;
				CLANG_WARN_INFINITE_RECURSION = YES;
				CLANG_WARN_INT_CONVERSION = YES;
				CLANG_WARN_NON_LITERAL_NULL_CONVERSION = YES;
				CLANG_WARN_OBJC_IMPLICIT_RETAIN_SELF = YES;
				CLANG_WARN_OBJC_LITERAL_CONVERSION = YES;
				CLANG_WARN_OBJC_ROOT_CLASS = YES_ERROR;
				CLANG_WARN_QUOTED_INCLUDE_IN_FRAMEWORK_HEADER = YES;
				CLANG_WARN_RANGE_LOOP_ANALYSIS = YES;
				CLANG_WARN_STRICT_PROTOTYPES = YES;
				CLANG_WARN_SUSPICIOUS_MOVE = YES;
				CLANG_WARN_UNGUARDED_AVAILABILITY = YES_AGGRESSIVE;
				CLANG_WARN_UNREACHABLE_CODE = YES;
				CLANG_WARN__DUPLICATE_METHOD_MATCH = YES;
				COPY_PHASE_STRIP = NO;
				DEBUG_INFORMATION_FORMAT = dwarf;
				ENABLE_STRICT_OBJC_MSGSEND = YES;
				ENABLE_TESTABILITY = YES;
				GCC_C_LANGUAGE_STANDARD = gnu11;
				GCC_DYNAMIC_NO_PIC = NO;
				GCC_NO_COMMON_BLOCKS = YES;
				GCC_OPTIMIZATION_LEVEL = 0;
				GCC_PREPROCESSOR_DEFINITIONS = (
					"DEBUG=1",
					"$(inherited)",
				);
				GCC_WARN_64_TO_32_BIT_CONVERSION = YES;
				GCC_WARN_ABOUT_RETURN_TYPE = YES_ERROR;
				GCC_WARN_UNDECLARED_SELECTOR = YES;
				GCC_WARN_UNINITIALIZED_AUTOS = YES_AGGRESSIVE;
				GCC_WARN_UNUSED_FUNCTION = YES;
				GCC_WARN_UNUSED_VARIABLE = YES;
				IPHONEOS_DEPLOYMENT_TARGET = 16.0;
				MTL_ENABLE_DEBUG_INFO = INCLUDE_SOURCE;
				MTL_FAST_MATH = YES;
				ONLY_ACTIVE_ARCH = YES;
				SDKROOT = iphoneos;
				SWIFT_ACTIVE_COMPILATION_CONDITIONS = DEBUG;
				SWIFT_OPTIMIZATION_LEVEL = "-Onone";
			};
			name = Debug;
		};
		49AAA97C28F5467400EDC09D /* Release */ = {
			isa = XCBuildConfiguration;
			buildSettings = {
				ALWAYS_SEARCH_USER_PATHS = NO;
				CLANG_ANALYZER_NONNULL = YES;
				CLANG_ANALYZER_NUMBER_OBJECT_CONVERSION = YES_AGGRESSIVE;
				CLANG_CXX_LANGUAGE_STANDARD = "gnu++20";
				CLANG_ENABLE_MODULES = YES;
				CLANG_ENABLE_OBJC_ARC = YES;
				CLANG_ENABLE_OBJC_WEAK = YES;
				CLANG_WARN_BLOCK_CAPTURE_AUTORELEASING = YES;
				CLANG_WARN_BOOL_CONVERSION = YES;
				CLANG_WARN_COMMA = YES;
				CLANG_WARN_CONSTANT_CONVERSION = YES;
				CLANG_WARN_DEPRECATED_OBJC_IMPLEMENTATIONS = YES;
				CLANG_WARN_DIRECT_OBJC_ISA_USAGE = YES_ERROR;
				CLANG_WARN_DOCUMENTATION_COMMENTS = YES;
				CLANG_WARN_EMPTY_BODY = YES;
				CLANG_WARN_ENUM_CONVERSION = YES;
				CLANG_WARN_INFINITE_RECURSION = YES;
				CLANG_WARN_INT_CONVERSION = YES;
				CLANG_WARN_NON_LITERAL_NULL_CONVERSION = YES;
				CLANG_WARN_OBJC_IMPLICIT_RETAIN_SELF = YES;
				CLANG_WARN_OBJC_LITERAL_CONVERSION = YES;
				CLANG_WARN_OBJC_ROOT_CLASS = YES_ERROR;
				CLANG_WARN_QUOTED_INCLUDE_IN_FRAMEWORK_HEADER = YES;
				CLANG_WARN_RANGE_LOOP_ANALYSIS = YES;
				CLANG_WARN_STRICT_PROTOTYPES = YES;
				CLANG_WARN_SUSPICIOUS_MOVE = YES;
				CLANG_WARN_UNGUARDED_AVAILABILITY = YES_AGGRESSIVE;
				CLANG_WARN_UNREACHABLE_CODE = YES;
				CLANG_WARN__DUPLICATE_METHOD_MATCH = YES;
				COPY_PHASE_STRIP = NO;
				DEBUG_INFORMATION_FORMAT = "dwarf-with-dsym";
				ENABLE_NS_ASSERTIONS = NO;
				ENABLE_STRICT_OBJC_MSGSEND = YES;
				GCC_C_LANGUAGE_STANDARD = gnu11;
				GCC_NO_COMMON_BLOCKS = YES;
				GCC_WARN_64_TO_32_BIT_CONVERSION = YES;
				GCC_WARN_ABOUT_RETURN_TYPE = YES_ERROR;
				GCC_WARN_UNDECLARED_SELECTOR = YES;
				GCC_WARN_UNINITIALIZED_AUTOS = YES_AGGRESSIVE;
				GCC_WARN_UNUSED_FUNCTION = YES;
				GCC_WARN_UNUSED_VARIABLE = YES;
				IPHONEOS_DEPLOYMENT_TARGET = 16.0;
				MTL_ENABLE_DEBUG_INFO = NO;
				MTL_FAST_MATH = YES;
				SDKROOT = iphoneos;
				SWIFT_COMPILATION_MODE = wholemodule;
				SWIFT_OPTIMIZATION_LEVEL = "-O";
				VALIDATE_PRODUCT = YES;
			};
			name = Release;
		};
		49AAA97E28F5467400EDC09D /* Debug */ = {
			isa = XCBuildConfiguration;
			buildSettings = {
				ASSETCATALOG_COMPILER_APPICON_NAME = AppIcon;
				ASSETCATALOG_COMPILER_GLOBAL_ACCENT_COLOR_NAME = AccentColor;
				CODE_SIGN_STYLE = Automatic;
				CURRENT_PROJECT_VERSION = 1;
				DEVELOPMENT_ASSET_PATHS = "\"kacadata/Preview Content\"";
				DEVELOPMENT_TEAM = 6XZALBLLVJ;
				ENABLE_PREVIEWS = YES;
				GENERATE_INFOPLIST_FILE = YES;
				INFOPLIST_FILE = kacadata/Info.plist;
				INFOPLIST_KEY_UIApplicationSceneManifest_Generation = YES;
				INFOPLIST_KEY_UIApplicationSupportsIndirectInputEvents = YES;
				INFOPLIST_KEY_UILaunchScreen_Generation = YES;
				INFOPLIST_KEY_UISupportedInterfaceOrientations_iPad = "UIInterfaceOrientationPortrait UIInterfaceOrientationPortraitUpsideDown UIInterfaceOrientationLandscapeLeft UIInterfaceOrientationLandscapeRight";
				INFOPLIST_KEY_UISupportedInterfaceOrientations_iPhone = "UIInterfaceOrientationPortrait UIInterfaceOrientationLandscapeLeft UIInterfaceOrientationLandscapeRight";
				LD_RUNPATH_SEARCH_PATHS = (
					"$(inherited)",
					"@executable_path/Frameworks",
				);
				MARKETING_VERSION = 1.0;
				PRODUCT_BUNDLE_IDENTIFIER = com.team16.kacadata;
				PRODUCT_NAME = "$(TARGET_NAME)";
				SWIFT_EMIT_LOC_STRINGS = YES;
				SWIFT_VERSION = 5.0;
				TARGETED_DEVICE_FAMILY = "1,2";
			};
			name = Debug;
		};
		49AAA97F28F5467400EDC09D /* Release */ = {
			isa = XCBuildConfiguration;
			buildSettings = {
				ASSETCATALOG_COMPILER_APPICON_NAME = AppIcon;
				ASSETCATALOG_COMPILER_GLOBAL_ACCENT_COLOR_NAME = AccentColor;
				CODE_SIGN_STYLE = Automatic;
				CURRENT_PROJECT_VERSION = 1;
				DEVELOPMENT_ASSET_PATHS = "\"kacadata/Preview Content\"";
				DEVELOPMENT_TEAM = 6XZALBLLVJ;
				ENABLE_PREVIEWS = YES;
				GENERATE_INFOPLIST_FILE = YES;
				INFOPLIST_FILE = kacadata/Info.plist;
				INFOPLIST_KEY_UIApplicationSceneManifest_Generation = YES;
				INFOPLIST_KEY_UIApplicationSupportsIndirectInputEvents = YES;
				INFOPLIST_KEY_UILaunchScreen_Generation = YES;
				INFOPLIST_KEY_UISupportedInterfaceOrientations_iPad = "UIInterfaceOrientationPortrait UIInterfaceOrientationPortraitUpsideDown UIInterfaceOrientationLandscapeLeft UIInterfaceOrientationLandscapeRight";
				INFOPLIST_KEY_UISupportedInterfaceOrientations_iPhone = "UIInterfaceOrientationPortrait UIInterfaceOrientationLandscapeLeft UIInterfaceOrientationLandscapeRight";
				LD_RUNPATH_SEARCH_PATHS = (
					"$(inherited)",
					"@executable_path/Frameworks",
				);
				MARKETING_VERSION = 1.0;
				PRODUCT_BUNDLE_IDENTIFIER = com.team16.kacadata;
				PRODUCT_NAME = "$(TARGET_NAME)";
				SWIFT_EMIT_LOC_STRINGS = YES;
				SWIFT_VERSION = 5.0;
				TARGETED_DEVICE_FAMILY = "1,2";
			};
			name = Release;
		};
/* End XCBuildConfiguration section */

/* Begin XCConfigurationList section */
		49AAA96528F5467300EDC09D /* Build configuration list for PBXProject "kacadata" */ = {
			isa = XCConfigurationList;
			buildConfigurations = (
				49AAA97B28F5467400EDC09D /* Debug */,
				49AAA97C28F5467400EDC09D /* Release */,
			);
			defaultConfigurationIsVisible = 0;
			defaultConfigurationName = Release;
		};
		49AAA97D28F5467400EDC09D /* Build configuration list for PBXNativeTarget "kacadata" */ = {
			isa = XCConfigurationList;
			buildConfigurations = (
				49AAA97E28F5467400EDC09D /* Debug */,
				49AAA97F28F5467400EDC09D /* Release */,
			);
			defaultConfigurationIsVisible = 0;
			defaultConfigurationName = Release;
		};
/* End XCConfigurationList section */

/* Begin XCRemoteSwiftPackageReference section */
		4914346429110A8E00CFECDF /* XCRemoteSwiftPackageReference "Alamofire" */ = {
			isa = XCRemoteSwiftPackageReference;
			repositoryURL = "https://github.com/Alamofire/Alamofire";
			requirement = {
				kind = versionRange;
				maximumVersion = 6.0.0;
				minimumVersion = 5.0.0;
			};
		};
/* End XCRemoteSwiftPackageReference section */

/* Begin XCSwiftPackageProductDependency section */
		4914346529110A8F00CFECDF /* Alamofire */ = {
			isa = XCSwiftPackageProductDependency;
			package = 4914346429110A8E00CFECDF /* XCRemoteSwiftPackageReference "Alamofire" */;
			productName = Alamofire;
		};
/* End XCSwiftPackageProductDependency section */

/* Begin XCVersionGroup section */
		49AAA97828F5467400EDC09D /* kacadata.xcdatamodeld */ = {
			isa = XCVersionGroup;
			children = (
				49AAA97928F5467400EDC09D /* kacadata.xcdatamodel */,
			);
			currentVersion = 49AAA97928F5467400EDC09D /* kacadata.xcdatamodel */;
			path = kacadata.xcdatamodeld;
			sourceTree = "<group>";
			versionGroupType = wrapper.xcdatamodel;
		};
/* End XCVersionGroup section */
	};
	rootObject = 49AAA96228F5467300EDC09D /* Project object */;
}
